// !$*UTF8*$!
{
	archiveVersion = 1;
	classes = {
	};
	objectVersion = 46;
	objects = {

/* Begin PBXBuildFile section */
		9354096B1BADEDA7003E8454 /* YNCAutoLayout.m in Sources */ = {isa = PBXBuildFile; fileRef = 9354096A1BADEDA7003E8454 /* YNCAutoLayout.m */; };
		9354096E1BADEE5F003E8454 /* YNCLoginViewController.m in Sources */ = {isa = PBXBuildFile; fileRef = 9354096D1BADEE5F003E8454 /* YNCLoginViewController.m */; };
		935409701BADEEA9003E8454 /* ParseUI.framework in Frameworks */ = {isa = PBXBuildFile; fileRef = 9354096F1BADEEA9003E8454 /* ParseUI.framework */; };
		935409721BADEF7E003E8454 /* FBSDKCoreKit.framework in Frameworks */ = {isa = PBXBuildFile; fileRef = 935409711BADEF7E003E8454 /* FBSDKCoreKit.framework */; };
		935409751BADF2BF003E8454 /* YNCListViewController.m in Sources */ = {isa = PBXBuildFile; fileRef = 935409741BADF2BF003E8454 /* YNCListViewController.m */; };
		935409771BADF403003E8454 /* ParseFacebookUtilsV4.framework in Frameworks */ = {isa = PBXBuildFile; fileRef = 935409761BADF403003E8454 /* ParseFacebookUtilsV4.framework */; };
		935409791BADF43B003E8454 /* Social.framework in Frameworks */ = {isa = PBXBuildFile; fileRef = 935409781BADF43B003E8454 /* Social.framework */; };
		9354097B1BADF531003E8454 /* Accounts.framework in Frameworks */ = {isa = PBXBuildFile; fileRef = 9354097A1BADF531003E8454 /* Accounts.framework */; };
		9354097D1BADF55D003E8454 /* FBSDKLoginKit.framework in Frameworks */ = {isa = PBXBuildFile; fileRef = 9354097C1BADF55D003E8454 /* FBSDKLoginKit.framework */; };
		935409811BADF998003E8454 /* YNCGoal.m in Sources */ = {isa = PBXBuildFile; fileRef = 935409801BADF998003E8454 /* YNCGoal.m */; };
		935409841BAE1196003E8454 /* YNCGoalViewController.m in Sources */ = {isa = PBXBuildFile; fileRef = 935409831BAE1196003E8454 /* YNCGoalViewController.m */; };
		935409871BAE1732003E8454 /* YNCUser.m in Sources */ = {isa = PBXBuildFile; fileRef = 935409861BAE1732003E8454 /* YNCUser.m */; };
		9354098A1BAE2B34003E8454 /* YNCGoalUserView.m in Sources */ = {isa = PBXBuildFile; fileRef = 935409891BAE2B34003E8454 /* YNCGoalUserView.m */; };
		93FBB2DD1BADD5EE00022B2E /* main.m in Sources */ = {isa = PBXBuildFile; fileRef = 93FBB2DC1BADD5EE00022B2E /* main.m */; };
		93FBB2E01BADD5EE00022B2E /* AppDelegate.m in Sources */ = {isa = PBXBuildFile; fileRef = 93FBB2DF1BADD5EE00022B2E /* AppDelegate.m */; };
		93FBB2E31BADD5EE00022B2E /* ViewController.m in Sources */ = {isa = PBXBuildFile; fileRef = 93FBB2E21BADD5EE00022B2E /* ViewController.m */; };
		93FBB2E81BADD5EE00022B2E /* Images.xcassets in Resources */ = {isa = PBXBuildFile; fileRef = 93FBB2E71BADD5EE00022B2E /* Images.xcassets */; };
		93FBB2EB1BADD5EE00022B2E /* LaunchScreen.xib in Resources */ = {isa = PBXBuildFile; fileRef = 93FBB2E91BADD5EE00022B2E /* LaunchScreen.xib */; };
		93FBB2F71BADD5EE00022B2E /* GoalsTests.m in Sources */ = {isa = PBXBuildFile; fileRef = 93FBB2F61BADD5EE00022B2E /* GoalsTests.m */; };
		93FBB3441BADE4FA00022B2E /* Bolts.framework in Frameworks */ = {isa = PBXBuildFile; fileRef = 93FBB3421BADE4FA00022B2E /* Bolts.framework */; };
		93FBB3451BADE4FA00022B2E /* Parse.framework in Frameworks */ = {isa = PBXBuildFile; fileRef = 93FBB3431BADE4FA00022B2E /* Parse.framework */; };
		93FBB3471BADE56400022B2E /* AudioToolbox.framework in Frameworks */ = {isa = PBXBuildFile; fileRef = 93FBB3461BADE56400022B2E /* AudioToolbox.framework */; };
		93FBB3491BADE56A00022B2E /* CFNetwork.framework in Frameworks */ = {isa = PBXBuildFile; fileRef = 93FBB3481BADE56A00022B2E /* CFNetwork.framework */; };
		93FBB34B1BADE57100022B2E /* CoreGraphics.framework in Frameworks */ = {isa = PBXBuildFile; fileRef = 93FBB34A1BADE57100022B2E /* CoreGraphics.framework */; };
		93FBB34D1BADE57800022B2E /* CoreLocation.framework in Frameworks */ = {isa = PBXBuildFile; fileRef = 93FBB34C1BADE57800022B2E /* CoreLocation.framework */; };
		93FBB34F1BADE57F00022B2E /* QuartzCore.framework in Frameworks */ = {isa = PBXBuildFile; fileRef = 93FBB34E1BADE57F00022B2E /* QuartzCore.framework */; };
		93FBB3511BADE58500022B2E /* Security.framework in Frameworks */ = {isa = PBXBuildFile; fileRef = 93FBB3501BADE58500022B2E /* Security.framework */; };
		93FBB3531BADE58A00022B2E /* StoreKit.framework in Frameworks */ = {isa = PBXBuildFile; fileRef = 93FBB3521BADE58A00022B2E /* StoreKit.framework */; };
		93FBB3551BADE58F00022B2E /* SystemConfiguration.framework in Frameworks */ = {isa = PBXBuildFile; fileRef = 93FBB3541BADE58F00022B2E /* SystemConfiguration.framework */; };
		93FBB3571BADE59600022B2E /* libz.dylib in Frameworks */ = {isa = PBXBuildFile; fileRef = 93FBB3561BADE59600022B2E /* libz.dylib */; };
		93FBB3591BADE59D00022B2E /* libsqlite3.dylib in Frameworks */ = {isa = PBXBuildFile; fileRef = 93FBB3581BADE59D00022B2E /* libsqlite3.dylib */; };
/* End PBXBuildFile section */

/* Begin PBXContainerItemProxy section */
		93FBB2F11BADD5EE00022B2E /* PBXContainerItemProxy */ = {
			isa = PBXContainerItemProxy;
			containerPortal = 93FBB2CF1BADD5EE00022B2E /* Project object */;
			proxyType = 1;
			remoteGlobalIDString = 93FBB2D61BADD5EE00022B2E;
			remoteInfo = Goals;
		};
/* End PBXContainerItemProxy section */

/* Begin PBXFileReference section */
		935409691BADEDA7003E8454 /* YNCAutoLayout.h */ = {isa = PBXFileReference; fileEncoding = 4; lastKnownFileType = sourcecode.c.h; path = YNCAutoLayout.h; sourceTree = "<group>"; };
		9354096A1BADEDA7003E8454 /* YNCAutoLayout.m */ = {isa = PBXFileReference; fileEncoding = 4; lastKnownFileType = sourcecode.c.objc; path = YNCAutoLayout.m; sourceTree = "<group>"; };
		9354096C1BADEE5F003E8454 /* YNCLoginViewController.h */ = {isa = PBXFileReference; fileEncoding = 4; lastKnownFileType = sourcecode.c.h; path = YNCLoginViewController.h; sourceTree = "<group>"; };
		9354096D1BADEE5F003E8454 /* YNCLoginViewController.m */ = {isa = PBXFileReference; fileEncoding = 4; lastKnownFileType = sourcecode.c.objc; path = YNCLoginViewController.m; sourceTree = "<group>"; };
		9354096F1BADEEA9003E8454 /* ParseUI.framework */ = {isa = PBXFileReference; lastKnownFileType = wrapper.framework; path = ParseUI.framework; sourceTree = "<group>"; };
		935409711BADEF7E003E8454 /* FBSDKCoreKit.framework */ = {isa = PBXFileReference; lastKnownFileType = wrapper.framework; path = FBSDKCoreKit.framework; sourceTree = "<group>"; };
		935409731BADF2BF003E8454 /* YNCListViewController.h */ = {isa = PBXFileReference; fileEncoding = 4; lastKnownFileType = sourcecode.c.h; path = YNCListViewController.h; sourceTree = "<group>"; };
		935409741BADF2BF003E8454 /* YNCListViewController.m */ = {isa = PBXFileReference; fileEncoding = 4; lastKnownFileType = sourcecode.c.objc; path = YNCListViewController.m; sourceTree = "<group>"; };
		935409761BADF403003E8454 /* ParseFacebookUtilsV4.framework */ = {isa = PBXFileReference; lastKnownFileType = wrapper.framework; path = ParseFacebookUtilsV4.framework; sourceTree = "<group>"; };
		935409781BADF43B003E8454 /* Social.framework */ = {isa = PBXFileReference; lastKnownFileType = wrapper.framework; name = Social.framework; path = System/Library/Frameworks/Social.framework; sourceTree = SDKROOT; };
		9354097A1BADF531003E8454 /* Accounts.framework */ = {isa = PBXFileReference; lastKnownFileType = wrapper.framework; name = Accounts.framework; path = System/Library/Frameworks/Accounts.framework; sourceTree = SDKROOT; };
		9354097C1BADF55D003E8454 /* FBSDKLoginKit.framework */ = {isa = PBXFileReference; lastKnownFileType = wrapper.framework; path = FBSDKLoginKit.framework; sourceTree = "<group>"; };
		9354097F1BADF998003E8454 /* YNCGoal.h */ = {isa = PBXFileReference; fileEncoding = 4; lastKnownFileType = sourcecode.c.h; path = YNCGoal.h; sourceTree = "<group>"; };
		935409801BADF998003E8454 /* YNCGoal.m */ = {isa = PBXFileReference; fileEncoding = 4; lastKnownFileType = sourcecode.c.objc; path = YNCGoal.m; sourceTree = "<group>"; };
		935409821BAE1196003E8454 /* YNCGoalViewController.h */ = {isa = PBXFileReference; fileEncoding = 4; lastKnownFileType = sourcecode.c.h; path = YNCGoalViewController.h; sourceTree = "<group>"; };
		935409831BAE1196003E8454 /* YNCGoalViewController.m */ = {isa = PBXFileReference; fileEncoding = 4; lastKnownFileType = sourcecode.c.objc; path = YNCGoalViewController.m; sourceTree = "<group>"; };
		935409851BAE1732003E8454 /* YNCUser.h */ = {isa = PBXFileReference; fileEncoding = 4; lastKnownFileType = sourcecode.c.h; path = YNCUser.h; sourceTree = "<group>"; };
		935409861BAE1732003E8454 /* YNCUser.m */ = {isa = PBXFileReference; fileEncoding = 4; lastKnownFileType = sourcecode.c.objc; path = YNCUser.m; sourceTree = "<group>"; };
		935409881BAE2B34003E8454 /* YNCGoalUserView.h */ = {isa = PBXFileReference; fileEncoding = 4; lastKnownFileType = sourcecode.c.h; path = YNCGoalUserView.h; sourceTree = "<group>"; };
		935409891BAE2B34003E8454 /* YNCGoalUserView.m */ = {isa = PBXFileReference; fileEncoding = 4; lastKnownFileType = sourcecode.c.objc; path = YNCGoalUserView.m; sourceTree = "<group>"; };
		93FBB2D71BADD5EE00022B2E /* Goals.app */ = {isa = PBXFileReference; explicitFileType = wrapper.application; includeInIndex = 0; path = Goals.app; sourceTree = BUILT_PRODUCTS_DIR; };
		93FBB2DB1BADD5EE00022B2E /* Info.plist */ = {isa = PBXFileReference; lastKnownFileType = text.plist.xml; path = Info.plist; sourceTree = "<group>"; };
		93FBB2DC1BADD5EE00022B2E /* main.m */ = {isa = PBXFileReference; lastKnownFileType = sourcecode.c.objc; path = main.m; sourceTree = "<group>"; };
		93FBB2DE1BADD5EE00022B2E /* AppDelegate.h */ = {isa = PBXFileReference; lastKnownFileType = sourcecode.c.h; path = AppDelegate.h; sourceTree = "<group>"; };
		93FBB2DF1BADD5EE00022B2E /* AppDelegate.m */ = {isa = PBXFileReference; lastKnownFileType = sourcecode.c.objc; path = AppDelegate.m; sourceTree = "<group>"; };
		93FBB2E11BADD5EE00022B2E /* ViewController.h */ = {isa = PBXFileReference; lastKnownFileType = sourcecode.c.h; path = ViewController.h; sourceTree = "<group>"; };
		93FBB2E21BADD5EE00022B2E /* ViewController.m */ = {isa = PBXFileReference; lastKnownFileType = sourcecode.c.objc; path = ViewController.m; sourceTree = "<group>"; };
		93FBB2E71BADD5EE00022B2E /* Images.xcassets */ = {isa = PBXFileReference; lastKnownFileType = folder.assetcatalog; path = Images.xcassets; sourceTree = "<group>"; };
		93FBB2EA1BADD5EE00022B2E /* Base */ = {isa = PBXFileReference; lastKnownFileType = file.xib; name = Base; path = Base.lproj/LaunchScreen.xib; sourceTree = "<group>"; };
		93FBB2F01BADD5EE00022B2E /* GoalsTests.xctest */ = {isa = PBXFileReference; explicitFileType = wrapper.cfbundle; includeInIndex = 0; path = GoalsTests.xctest; sourceTree = BUILT_PRODUCTS_DIR; };
		93FBB2F51BADD5EE00022B2E /* Info.plist */ = {isa = PBXFileReference; lastKnownFileType = text.plist.xml; path = Info.plist; sourceTree = "<group>"; };
		93FBB2F61BADD5EE00022B2E /* GoalsTests.m */ = {isa = PBXFileReference; lastKnownFileType = sourcecode.c.objc; path = GoalsTests.m; sourceTree = "<group>"; };
		93FBB3421BADE4FA00022B2E /* Bolts.framework */ = {isa = PBXFileReference; lastKnownFileType = wrapper.framework; path = Bolts.framework; sourceTree = "<group>"; };
		93FBB3431BADE4FA00022B2E /* Parse.framework */ = {isa = PBXFileReference; lastKnownFileType = wrapper.framework; path = Parse.framework; sourceTree = "<group>"; };
		93FBB3461BADE56400022B2E /* AudioToolbox.framework */ = {isa = PBXFileReference; lastKnownFileType = wrapper.framework; name = AudioToolbox.framework; path = System/Library/Frameworks/AudioToolbox.framework; sourceTree = SDKROOT; };
		93FBB3481BADE56A00022B2E /* CFNetwork.framework */ = {isa = PBXFileReference; lastKnownFileType = wrapper.framework; name = CFNetwork.framework; path = System/Library/Frameworks/CFNetwork.framework; sourceTree = SDKROOT; };
		93FBB34A1BADE57100022B2E /* CoreGraphics.framework */ = {isa = PBXFileReference; lastKnownFileType = wrapper.framework; name = CoreGraphics.framework; path = System/Library/Frameworks/CoreGraphics.framework; sourceTree = SDKROOT; };
		93FBB34C1BADE57800022B2E /* CoreLocation.framework */ = {isa = PBXFileReference; lastKnownFileType = wrapper.framework; name = CoreLocation.framework; path = System/Library/Frameworks/CoreLocation.framework; sourceTree = SDKROOT; };
		93FBB34E1BADE57F00022B2E /* QuartzCore.framework */ = {isa = PBXFileReference; lastKnownFileType = wrapper.framework; name = QuartzCore.framework; path = System/Library/Frameworks/QuartzCore.framework; sourceTree = SDKROOT; };
		93FBB3501BADE58500022B2E /* Security.framework */ = {isa = PBXFileReference; lastKnownFileType = wrapper.framework; name = Security.framework; path = System/Library/Frameworks/Security.framework; sourceTree = SDKROOT; };
		93FBB3521BADE58A00022B2E /* StoreKit.framework */ = {isa = PBXFileReference; lastKnownFileType = wrapper.framework; name = StoreKit.framework; path = System/Library/Frameworks/StoreKit.framework; sourceTree = SDKROOT; };
		93FBB3541BADE58F00022B2E /* SystemConfiguration.framework */ = {isa = PBXFileReference; lastKnownFileType = wrapper.framework; name = SystemConfiguration.framework; path = System/Library/Frameworks/SystemConfiguration.framework; sourceTree = SDKROOT; };
		93FBB3561BADE59600022B2E /* libz.dylib */ = {isa = PBXFileReference; lastKnownFileType = "compiled.mach-o.dylib"; name = libz.dylib; path = usr/lib/libz.dylib; sourceTree = SDKROOT; };
		93FBB3581BADE59D00022B2E /* libsqlite3.dylib */ = {isa = PBXFileReference; lastKnownFileType = "compiled.mach-o.dylib"; name = libsqlite3.dylib; path = usr/lib/libsqlite3.dylib; sourceTree = SDKROOT; };
/* End PBXFileReference section */

/* Begin PBXFrameworksBuildPhase section */
		93FBB2D41BADD5EE00022B2E /* Frameworks */ = {
			isa = PBXFrameworksBuildPhase;
			buildActionMask = 2147483647;
			files = (
				9354097B1BADF531003E8454 /* Accounts.framework in Frameworks */,
				935409791BADF43B003E8454 /* Social.framework in Frameworks */,
				9354097D1BADF55D003E8454 /* FBSDKLoginKit.framework in Frameworks */,
				93FBB3591BADE59D00022B2E /* libsqlite3.dylib in Frameworks */,
				93FBB3571BADE59600022B2E /* libz.dylib in Frameworks */,
				93FBB3551BADE58F00022B2E /* SystemConfiguration.framework in Frameworks */,
				93FBB3531BADE58A00022B2E /* StoreKit.framework in Frameworks */,
				93FBB3511BADE58500022B2E /* Security.framework in Frameworks */,
				93FBB34F1BADE57F00022B2E /* QuartzCore.framework in Frameworks */,
				93FBB34D1BADE57800022B2E /* CoreLocation.framework in Frameworks */,
				93FBB34B1BADE57100022B2E /* CoreGraphics.framework in Frameworks */,
				93FBB3491BADE56A00022B2E /* CFNetwork.framework in Frameworks */,
				93FBB3471BADE56400022B2E /* AudioToolbox.framework in Frameworks */,
				93FBB3451BADE4FA00022B2E /* Parse.framework in Frameworks */,
				935409721BADEF7E003E8454 /* FBSDKCoreKit.framework in Frameworks */,
				93FBB3441BADE4FA00022B2E /* Bolts.framework in Frameworks */,
				935409701BADEEA9003E8454 /* ParseUI.framework in Frameworks */,
				935409771BADF403003E8454 /* ParseFacebookUtilsV4.framework in Frameworks */,
			);
			runOnlyForDeploymentPostprocessing = 0;
		};
		93FBB2ED1BADD5EE00022B2E /* Frameworks */ = {
			isa = PBXFrameworksBuildPhase;
			buildActionMask = 2147483647;
			files = (
			);
			runOnlyForDeploymentPostprocessing = 0;
		};
/* End PBXFrameworksBuildPhase section */

/* Begin PBXGroup section */
		935409681BADED8F003E8454 /* Util */ = {
			isa = PBXGroup;
			children = (
				935409691BADEDA7003E8454 /* YNCAutoLayout.h */,
				9354096A1BADEDA7003E8454 /* YNCAutoLayout.m */,
			);
			name = Util;
			sourceTree = "<group>";
		};
		9354097E1BADF947003E8454 /* Model */ = {
			isa = PBXGroup;
			children = (
				9354097F1BADF998003E8454 /* YNCGoal.h */,
				935409801BADF998003E8454 /* YNCGoal.m */,
				935409851BAE1732003E8454 /* YNCUser.h */,
				935409861BAE1732003E8454 /* YNCUser.m */,
			);
			name = Model;
			sourceTree = "<group>";
		};
		93FBB2CE1BADD5EE00022B2E = {
			isa = PBXGroup;
			children = (
				93FBB2D91BADD5EE00022B2E /* Goals */,
				93FBB2F31BADD5EE00022B2E /* GoalsTests */,
				93FBB2D81BADD5EE00022B2E /* Products */,
				93FBB3411BADE4EE00022B2E /* Frameworks */,
			);
			sourceTree = "<group>";
		};
		93FBB2D81BADD5EE00022B2E /* Products */ = {
			isa = PBXGroup;
			children = (
				93FBB2D71BADD5EE00022B2E /* Goals.app */,
				93FBB2F01BADD5EE00022B2E /* GoalsTests.xctest */,
			);
			name = Products;
			sourceTree = "<group>";
		};
		93FBB2D91BADD5EE00022B2E /* Goals */ = {
			isa = PBXGroup;
			children = (
				9354097E1BADF947003E8454 /* Model */,
				935409681BADED8F003E8454 /* Util */,
				93FBB2DE1BADD5EE00022B2E /* AppDelegate.h */,
				93FBB2DF1BADD5EE00022B2E /* AppDelegate.m */,
				9354096C1BADEE5F003E8454 /* YNCLoginViewController.h */,
				9354096D1BADEE5F003E8454 /* YNCLoginViewController.m */,
				935409731BADF2BF003E8454 /* YNCListViewController.h */,
				935409741BADF2BF003E8454 /* YNCListViewController.m */,
				935409821BAE1196003E8454 /* YNCGoalViewController.h */,
				935409831BAE1196003E8454 /* YNCGoalViewController.m */,
				935409881BAE2B34003E8454 /* YNCGoalUserView.h */,
				935409891BAE2B34003E8454 /* YNCGoalUserView.m */,
				93FBB2E11BADD5EE00022B2E /* ViewController.h */,
				93FBB2E21BADD5EE00022B2E /* ViewController.m */,
				93FBB2E71BADD5EE00022B2E /* Images.xcassets */,
				93FBB2E91BADD5EE00022B2E /* LaunchScreen.xib */,
				93FBB2DA1BADD5EE00022B2E /* Supporting Files */,
			);
			path = Goals;
			sourceTree = "<group>";
		};
		93FBB2DA1BADD5EE00022B2E /* Supporting Files */ = {
			isa = PBXGroup;
			children = (
				93FBB2DB1BADD5EE00022B2E /* Info.plist */,
				93FBB2DC1BADD5EE00022B2E /* main.m */,
			);
			name = "Supporting Files";
			sourceTree = "<group>";
		};
		93FBB2F31BADD5EE00022B2E /* GoalsTests */ = {
			isa = PBXGroup;
			children = (
				93FBB2F61BADD5EE00022B2E /* GoalsTests.m */,
				93FBB2F41BADD5EE00022B2E /* Supporting Files */,
			);
			path = GoalsTests;
			sourceTree = "<group>";
		};
		93FBB2F41BADD5EE00022B2E /* Supporting Files */ = {
			isa = PBXGroup;
			children = (
				93FBB2F51BADD5EE00022B2E /* Info.plist */,
			);
			name = "Supporting Files";
			sourceTree = "<group>";
		};
		93FBB3411BADE4EE00022B2E /* Frameworks */ = {
			isa = PBXGroup;
			children = (
				9354097C1BADF55D003E8454 /* FBSDKLoginKit.framework */,
				9354097A1BADF531003E8454 /* Accounts.framework */,
				935409781BADF43B003E8454 /* Social.framework */,
				935409761BADF403003E8454 /* ParseFacebookUtilsV4.framework */,
				935409711BADEF7E003E8454 /* FBSDKCoreKit.framework */,
				9354096F1BADEEA9003E8454 /* ParseUI.framework */,
				93FBB3581BADE59D00022B2E /* libsqlite3.dylib */,
				93FBB3561BADE59600022B2E /* libz.dylib */,
				93FBB3541BADE58F00022B2E /* SystemConfiguration.framework */,
				93FBB3521BADE58A00022B2E /* StoreKit.framework */,
				93FBB3501BADE58500022B2E /* Security.framework */,
				93FBB34E1BADE57F00022B2E /* QuartzCore.framework */,
				93FBB34C1BADE57800022B2E /* CoreLocation.framework */,
				93FBB34A1BADE57100022B2E /* CoreGraphics.framework */,
				93FBB3481BADE56A00022B2E /* CFNetwork.framework */,
				93FBB3461BADE56400022B2E /* AudioToolbox.framework */,
				93FBB3421BADE4FA00022B2E /* Bolts.framework */,
				93FBB3431BADE4FA00022B2E /* Parse.framework */,
			);
			name = Frameworks;
			sourceTree = "<group>";
		};
/* End PBXGroup section */

/* Begin PBXNativeTarget section */
		93FBB2D61BADD5EE00022B2E /* Goals */ = {
			isa = PBXNativeTarget;
			buildConfigurationList = 93FBB2FA1BADD5EE00022B2E /* Build configuration list for PBXNativeTarget "Goals" */;
			buildPhases = (
				93FBB2D31BADD5EE00022B2E /* Sources */,
				93FBB2D41BADD5EE00022B2E /* Frameworks */,
				93FBB2D51BADD5EE00022B2E /* Resources */,
			);
			buildRules = (
			);
			dependencies = (
			);
			name = Goals;
			productName = Goals;
			productReference = 93FBB2D71BADD5EE00022B2E /* Goals.app */;
			productType = "com.apple.product-type.application";
		};
		93FBB2EF1BADD5EE00022B2E /* GoalsTests */ = {
			isa = PBXNativeTarget;
			buildConfigurationList = 93FBB2FD1BADD5EE00022B2E /* Build configuration list for PBXNativeTarget "GoalsTests" */;
			buildPhases = (
				93FBB2EC1BADD5EE00022B2E /* Sources */,
				93FBB2ED1BADD5EE00022B2E /* Frameworks */,
				93FBB2EE1BADD5EE00022B2E /* Resources */,
			);
			buildRules = (
			);
			dependencies = (
				93FBB2F21BADD5EE00022B2E /* PBXTargetDependency */,
			);
			name = GoalsTests;
			productName = GoalsTests;
			productReference = 93FBB2F01BADD5EE00022B2E /* GoalsTests.xctest */;
			productType = "com.apple.product-type.bundle.unit-test";
		};
/* End PBXNativeTarget section */

/* Begin PBXProject section */
		93FBB2CF1BADD5EE00022B2E /* Project object */ = {
			isa = PBXProject;
			attributes = {
				LastUpgradeCheck = 0630;
				ORGANIZATIONNAME = "Yiwen Zhan";
				TargetAttributes = {
					93FBB2D61BADD5EE00022B2E = {
						CreatedOnToolsVersion = 6.3.1;
					};
					93FBB2EF1BADD5EE00022B2E = {
						CreatedOnToolsVersion = 6.3.1;
						TestTargetID = 93FBB2D61BADD5EE00022B2E;
					};
				};
			};
			buildConfigurationList = 93FBB2D21BADD5EE00022B2E /* Build configuration list for PBXProject "Goals" */;
			compatibilityVersion = "Xcode 3.2";
			developmentRegion = English;
			hasScannedForEncodings = 0;
			knownRegions = (
				en,
				Base,
			);
			mainGroup = 93FBB2CE1BADD5EE00022B2E;
			productRefGroup = 93FBB2D81BADD5EE00022B2E /* Products */;
			projectDirPath = "";
			projectRoot = "";
			targets = (
				93FBB2D61BADD5EE00022B2E /* Goals */,
				93FBB2EF1BADD5EE00022B2E /* GoalsTests */,
			);
		};
/* End PBXProject section */

/* Begin PBXResourcesBuildPhase section */
		93FBB2D51BADD5EE00022B2E /* Resources */ = {
			isa = PBXResourcesBuildPhase;
			buildActionMask = 2147483647;
			files = (
				93FBB2EB1BADD5EE00022B2E /* LaunchScreen.xib in Resources */,
				93FBB2E81BADD5EE00022B2E /* Images.xcassets in Resources */,
			);
			runOnlyForDeploymentPostprocessing = 0;
		};
		93FBB2EE1BADD5EE00022B2E /* Resources */ = {
			isa = PBXResourcesBuildPhase;
			buildActionMask = 2147483647;
			files = (
			);
			runOnlyForDeploymentPostprocessing = 0;
		};
/* End PBXResourcesBuildPhase section */

/* Begin PBXSourcesBuildPhase section */
		93FBB2D31BADD5EE00022B2E /* Sources */ = {
			isa = PBXSourcesBuildPhase;
			buildActionMask = 2147483647;
			files = (
				93FBB2E31BADD5EE00022B2E /* ViewController.m in Sources */,
				9354098A1BAE2B34003E8454 /* YNCGoalUserView.m in Sources */,
				935409751BADF2BF003E8454 /* YNCListViewController.m in Sources */,
				93FBB2E01BADD5EE00022B2E /* AppDelegate.m in Sources */,
				9354096E1BADEE5F003E8454 /* YNCLoginViewController.m in Sources */,
				9354096B1BADEDA7003E8454 /* YNCAutoLayout.m in Sources */,
				935409871BAE1732003E8454 /* YNCUser.m in Sources */,
				935409811BADF998003E8454 /* YNCGoal.m in Sources */,
				935409841BAE1196003E8454 /* YNCGoalViewController.m in Sources */,
				93FBB2DD1BADD5EE00022B2E /* main.m in Sources */,
			);
			runOnlyForDeploymentPostprocessing = 0;
		};
		93FBB2EC1BADD5EE00022B2E /* Sources */ = {
			isa = PBXSourcesBuildPhase;
			buildActionMask = 2147483647;
			files = (
				93FBB2F71BADD5EE00022B2E /* GoalsTests.m in Sources */,
			);
			runOnlyForDeploymentPostprocessing = 0;
		};
/* End PBXSourcesBuildPhase section */

/* Begin PBXTargetDependency section */
		93FBB2F21BADD5EE00022B2E /* PBXTargetDependency */ = {
			isa = PBXTargetDependency;
			target = 93FBB2D61BADD5EE00022B2E /* Goals */;
			targetProxy = 93FBB2F11BADD5EE00022B2E /* PBXContainerItemProxy */;
		};
/* End PBXTargetDependency section */

/* Begin PBXVariantGroup section */
		93FBB2E91BADD5EE00022B2E /* LaunchScreen.xib */ = {
			isa = PBXVariantGroup;
			children = (
				93FBB2EA1BADD5EE00022B2E /* Base */,
			);
			name = LaunchScreen.xib;
			sourceTree = "<group>";
		};
/* End PBXVariantGroup section */

/* Begin XCBuildConfiguration section */
		93FBB2F81BADD5EE00022B2E /* Debug */ = {
			isa = XCBuildConfiguration;
			buildSettings = {
				ALWAYS_SEARCH_USER_PATHS = NO;
				CLANG_CXX_LANGUAGE_STANDARD = "gnu++0x";
				CLANG_CXX_LIBRARY = "libc++";
				CLANG_ENABLE_MODULES = YES;
				CLANG_ENABLE_OBJC_ARC = YES;
				CLANG_WARN_BOOL_CONVERSION = YES;
				CLANG_WARN_CONSTANT_CONVERSION = YES;
				CLANG_WARN_DIRECT_OBJC_ISA_USAGE = YES_ERROR;
				CLANG_WARN_EMPTY_BODY = YES;
				CLANG_WARN_ENUM_CONVERSION = YES;
				CLANG_WARN_INT_CONVERSION = YES;
				CLANG_WARN_OBJC_ROOT_CLASS = YES_ERROR;
				CLANG_WARN_UNREACHABLE_CODE = YES;
				CLANG_WARN__DUPLICATE_METHOD_MATCH = YES;
				"CODE_SIGN_IDENTITY[sdk=iphoneos*]" = "iPhone Developer";
				COPY_PHASE_STRIP = NO;
				DEBUG_INFORMATION_FORMAT = "dwarf-with-dsym";
				ENABLE_STRICT_OBJC_MSGSEND = YES;
				GCC_C_LANGUAGE_STANDARD = gnu99;
				GCC_DYNAMIC_NO_PIC = NO;
				GCC_NO_COMMON_BLOCKS = YES;
				GCC_OPTIMIZATION_LEVEL = 0;
				GCC_PREPROCESSOR_DEFINITIONS = (
					"DEBUG=1",
					"$(inherited)",
				);
				GCC_SYMBOLS_PRIVATE_EXTERN = NO;
				GCC_WARN_64_TO_32_BIT_CONVERSION = YES;
				GCC_WARN_ABOUT_RETURN_TYPE = YES_ERROR;
				GCC_WARN_UNDECLARED_SELECTOR = YES;
				GCC_WARN_UNINITIALIZED_AUTOS = YES_AGGRESSIVE;
				GCC_WARN_UNUSED_FUNCTION = YES;
				GCC_WARN_UNUSED_VARIABLE = YES;
				IPHONEOS_DEPLOYMENT_TARGET = 8.3;
				MTL_ENABLE_DEBUG_INFO = YES;
				ONLY_ACTIVE_ARCH = YES;
				SDKROOT = iphoneos;
			};
			name = Debug;
		};
		93FBB2F91BADD5EE00022B2E /* Release */ = {
			isa = XCBuildConfiguration;
			buildSettings = {
				ALWAYS_SEARCH_USER_PATHS = NO;
				CLANG_CXX_LANGUAGE_STANDARD = "gnu++0x";
				CLANG_CXX_LIBRARY = "libc++";
				CLANG_ENABLE_MODULES = YES;
				CLANG_ENABLE_OBJC_ARC = YES;
				CLANG_WARN_BOOL_CONVERSION = YES;
				CLANG_WARN_CONSTANT_CONVERSION = YES;
				CLANG_WARN_DIRECT_OBJC_ISA_USAGE = YES_ERROR;
				CLANG_WARN_EMPTY_BODY = YES;
				CLANG_WARN_ENUM_CONVERSION = YES;
				CLANG_WARN_INT_CONVERSION = YES;
				CLANG_WARN_OBJC_ROOT_CLASS = YES_ERROR;
				CLANG_WARN_UNREACHABLE_CODE = YES;
				CLANG_WARN__DUPLICATE_METHOD_MATCH = YES;
				"CODE_SIGN_IDENTITY[sdk=iphoneos*]" = "iPhone Developer";
				COPY_PHASE_STRIP = NO;
				DEBUG_INFORMATION_FORMAT = "dwarf-with-dsym";
				ENABLE_NS_ASSERTIONS = NO;
				ENABLE_STRICT_OBJC_MSGSEND = YES;
				GCC_C_LANGUAGE_STANDARD = gnu99;
				GCC_NO_COMMON_BLOCKS = YES;
				GCC_WARN_64_TO_32_BIT_CONVERSION = YES;
				GCC_WARN_ABOUT_RETURN_TYPE = YES_ERROR;
				GCC_WARN_UNDECLARED_SELECTOR = YES;
				GCC_WARN_UNINITIALIZED_AUTOS = YES_AGGRESSIVE;
				GCC_WARN_UNUSED_FUNCTION = YES;
				GCC_WARN_UNUSED_VARIABLE = YES;
				IPHONEOS_DEPLOYMENT_TARGET = 8.3;
				MTL_ENABLE_DEBUG_INFO = NO;
				SDKROOT = iphoneos;
				VALIDATE_PRODUCT = YES;
			};
			name = Release;
		};
		93FBB2FB1BADD5EE00022B2E /* Debug */ = {
			isa = XCBuildConfiguration;
			buildSettings = {
				ASSETCATALOG_COMPILER_APPICON_NAME = AppIcon;
				FRAMEWORK_SEARCH_PATHS = (
					"$(inherited)",
					"$(PROJECT_DIR)",
				);
				INFOPLIST_FILE = Goals/Info.plist;
				IPHONEOS_DEPLOYMENT_TARGET = 8.1;
				LD_RUNPATH_SEARCH_PATHS = "$(inherited) @executable_path/Frameworks";
				PRODUCT_NAME = "$(TARGET_NAME)";
			};
			name = Debug;
		};
		93FBB2FC1BADD5EE00022B2E /* Release */ = {
			isa = XCBuildConfiguration;
			buildSettings = {
				ASSETCATALOG_COMPILER_APPICON_NAME = AppIcon;
				FRAMEWORK_SEARCH_PATHS = (
					"$(inherited)",
					"$(PROJECT_DIR)",
				);
				INFOPLIST_FILE = Goals/Info.plist;
				IPHONEOS_DEPLOYMENT_TARGET = 8.1;
				LD_RUNPATH_SEARCH_PATHS = "$(inherited) @executable_path/Frameworks";
				PRODUCT_NAME = "$(TARGET_NAME)";
			};
			name = Release;
		};
		93FBB2FE1BADD5EE00022B2E /* Debug */ = {
			isa = XCBuildConfiguration;
			buildSettings = {
				BUNDLE_LOADER = "$(TEST_HOST)";
				FRAMEWORK_SEARCH_PATHS = (
					"$(SDKROOT)/Developer/Library/Frameworks",
					"$(inherited)",
				);
				GCC_PREPROCESSOR_DEFINITIONS = (
					"DEBUG=1",
					"$(inherited)",
				);
				INFOPLIST_FILE = GoalsTests/Info.plist;
				LD_RUNPATH_SEARCH_PATHS = "$(inherited) @executable_path/Frameworks @loader_path/Frameworks";
				PRODUCT_NAME = "$(TARGET_NAME)";
				TEST_HOST = "$(BUILT_PRODUCTS_DIR)/Goals.app/Goals";
			};
			name = Debug;
		};
		93FBB2FF1BADD5EE00022B2E /* Release */ = {
			isa = XCBuildConfiguration;
			buildSettings = {
				BUNDLE_LOADER = "$(TEST_HOST)";
				FRAMEWORK_SEARCH_PATHS = (
					"$(SDKROOT)/Developer/Library/Frameworks",
					"$(inherited)",
				);
				INFOPLIST_FILE = GoalsTests/Info.plist;
				LD_RUNPATH_SEARCH_PATHS = "$(inherited) @executable_path/Frameworks @loader_path/Frameworks";
				PRODUCT_NAME = "$(TARGET_NAME)";
				TEST_HOST = "$(BUILT_PRODUCTS_DIR)/Goals.app/Goals";
			};
			name = Release;
		};
/* End XCBuildConfiguration section */

/* Begin XCConfigurationList section */
		93FBB2D21BADD5EE00022B2E /* Build configuration list for PBXProject "Goals" */ = {
			isa = XCConfigurationList;
			buildConfigurations = (
				93FBB2F81BADD5EE00022B2E /* Debug */,
				93FBB2F91BADD5EE00022B2E /* Release */,
			);
			defaultConfigurationIsVisible = 0;
			defaultConfigurationName = Release;
		};
		93FBB2FA1BADD5EE00022B2E /* Build configuration list for PBXNativeTarget "Goals" */ = {
			isa = XCConfigurationList;
			buildConfigurations = (
				93FBB2FB1BADD5EE00022B2E /* Debug */,
				93FBB2FC1BADD5EE00022B2E /* Release */,
			);
			defaultConfigurationIsVisible = 0;
			defaultConfigurationName = Release;
		};
		93FBB2FD1BADD5EE00022B2E /* Build configuration list for PBXNativeTarget "GoalsTests" */ = {
			isa = XCConfigurationList;
			buildConfigurations = (
				93FBB2FE1BADD5EE00022B2E /* Debug */,
				93FBB2FF1BADD5EE00022B2E /* Release */,
			);
			defaultConfigurationIsVisible = 0;
			defaultConfigurationName = Release;
		};
/* End XCConfigurationList section */
	};
	rootObject = 93FBB2CF1BADD5EE00022B2E /* Project object */;
}
